// !$*UTF8*$!
{
	archiveVersion = 1;
	classes = {
	};
	objectVersion = 56;
	objects = {

/* Begin PBXBuildFile section */
		E10E4E3F2DCF7A7800748C43 /* AppDelegate.swift in Sources */ = {isa = PBXBuildFile; fileRef = E10E4E3E2DCF7A7800748C43 /* AppDelegate.swift */; };
		E10E4E412DCF7A7800748C43 /* SceneDelegate.swift in Sources */ = {isa = PBXBuildFile; fileRef = E10E4E402DCF7A7800748C43 /* SceneDelegate.swift */; };
		E10E4E432DCF7A7800748C43 /* ViewController.swift in Sources */ = {isa = PBXBuildFile; fileRef = E10E4E422DCF7A7800748C43 /* ViewController.swift */; };
		E10E4E492DCF7A7800748C43 /* SportsApp.xcdatamodeld in Sources */ = {isa = PBXBuildFile; fileRef = E10E4E472DCF7A7800748C43 /* SportsApp.xcdatamodeld */; };
		E10E4E4B2DCF7A7A00748C43 /* Assets.xcassets in Resources */ = {isa = PBXBuildFile; fileRef = E10E4E4A2DCF7A7A00748C43 /* Assets.xcassets */; };
		E10E4E4E2DCF7A7A00748C43 /* LaunchScreen.storyboard in Resources */ = {isa = PBXBuildFile; fileRef = E10E4E4C2DCF7A7A00748C43 /* LaunchScreen.storyboard */; };
		E10E4E592DCF7A7A00748C43 /* SportsAppTests.swift in Sources */ = {isa = PBXBuildFile; fileRef = E10E4E582DCF7A7A00748C43 /* SportsAppTests.swift */; };
		E10E4E632DCF7A7A00748C43 /* SportsAppUITests.swift in Sources */ = {isa = PBXBuildFile; fileRef = E10E4E622DCF7A7A00748C43 /* SportsAppUITests.swift */; };
		E10E4E652DCF7A7A00748C43 /* SportsAppUITestsLaunchTests.swift in Sources */ = {isa = PBXBuildFile; fileRef = E10E4E642DCF7A7A00748C43 /* SportsAppUITestsLaunchTests.swift */; };
		E1C8D06D2DCFBFAB0015391A /* Lottie in Frameworks */ = {isa = PBXBuildFile; productRef = E1C8D06C2DCFBFAB0015391A /* Lottie */; };
		E1C8D06F2DCFBFC80015391A /* lottie.json in Resources */ = {isa = PBXBuildFile; fileRef = E1C8D06E2DCFBFC70015391A /* lottie.json */; };
		E1C8D0712DCFC0170015391A /* SplashViewController.swift in Sources */ = {isa = PBXBuildFile; fileRef = E1C8D0702DCFC0170015391A /* SplashViewController.swift */; };
/* End PBXBuildFile section */

/* Begin PBXContainerItemProxy section */
		E10E4E552DCF7A7A00748C43 /* PBXContainerItemProxy */ = {
			isa = PBXContainerItemProxy;
			containerPortal = E10E4E332DCF7A7800748C43 /* Project object */;
			proxyType = 1;
			remoteGlobalIDString = E10E4E3A2DCF7A7800748C43;
			remoteInfo = SportsApp;
		};
		E10E4E5F2DCF7A7A00748C43 /* PBXContainerItemProxy */ = {
			isa = PBXContainerItemProxy;
			containerPortal = E10E4E332DCF7A7800748C43 /* Project object */;
			proxyType = 1;
			remoteGlobalIDString = E10E4E3A2DCF7A7800748C43;
			remoteInfo = SportsApp;
		};
/* End PBXContainerItemProxy section */

/* Begin PBXFileReference section */
		E10E4E3B2DCF7A7800748C43 /* SportsApp.app */ = {isa = PBXFileReference; explicitFileType = wrapper.application; includeInIndex = 0; path = SportsApp.app; sourceTree = BUILT_PRODUCTS_DIR; };
		E10E4E3E2DCF7A7800748C43 /* AppDelegate.swift */ = {isa = PBXFileReference; lastKnownFileType = sourcecode.swift; path = AppDelegate.swift; sourceTree = "<group>"; };
		E10E4E402DCF7A7800748C43 /* SceneDelegate.swift */ = {isa = PBXFileReference; lastKnownFileType = sourcecode.swift; path = SceneDelegate.swift; sourceTree = "<group>"; };
		E10E4E422DCF7A7800748C43 /* ViewController.swift */ = {isa = PBXFileReference; lastKnownFileType = sourcecode.swift; path = ViewController.swift; sourceTree = "<group>"; };
		E10E4E482DCF7A7800748C43 /* SportsApp.xcdatamodel */ = {isa = PBXFileReference; lastKnownFileType = wrapper.xcdatamodel; path = SportsApp.xcdatamodel; sourceTree = "<group>"; };
		E10E4E4A2DCF7A7A00748C43 /* Assets.xcassets */ = {isa = PBXFileReference; lastKnownFileType = folder.assetcatalog; path = Assets.xcassets; sourceTree = "<group>"; };
		E10E4E4D2DCF7A7A00748C43 /* Base */ = {isa = PBXFileReference; lastKnownFileType = file.storyboard; name = Base; path = Base.lproj/LaunchScreen.storyboard; sourceTree = "<group>"; };
		E10E4E4F2DCF7A7A00748C43 /* Info.plist */ = {isa = PBXFileReference; lastKnownFileType = text.plist.xml; path = Info.plist; sourceTree = "<group>"; };
		E10E4E542DCF7A7A00748C43 /* SportsAppTests.xctest */ = {isa = PBXFileReference; explicitFileType = wrapper.cfbundle; includeInIndex = 0; path = SportsAppTests.xctest; sourceTree = BUILT_PRODUCTS_DIR; };
		E10E4E582DCF7A7A00748C43 /* SportsAppTests.swift */ = {isa = PBXFileReference; lastKnownFileType = sourcecode.swift; path = SportsAppTests.swift; sourceTree = "<group>"; };
		E10E4E5E2DCF7A7A00748C43 /* SportsAppUITests.xctest */ = {isa = PBXFileReference; explicitFileType = wrapper.cfbundle; includeInIndex = 0; path = SportsAppUITests.xctest; sourceTree = BUILT_PRODUCTS_DIR; };
		E10E4E622DCF7A7A00748C43 /* SportsAppUITests.swift */ = {isa = PBXFileReference; lastKnownFileType = sourcecode.swift; path = SportsAppUITests.swift; sourceTree = "<group>"; };
		E10E4E642DCF7A7A00748C43 /* SportsAppUITestsLaunchTests.swift */ = {isa = PBXFileReference; lastKnownFileType = sourcecode.swift; path = SportsAppUITestsLaunchTests.swift; sourceTree = "<group>"; };
		E1C8D06E2DCFBFC70015391A /* lottie.json */ = {isa = PBXFileReference; fileEncoding = 4; lastKnownFileType = text.json; path = lottie.json; sourceTree = "<group>"; };
		E1C8D0702DCFC0170015391A /* SplashViewController.swift */ = {isa = PBXFileReference; lastKnownFileType = sourcecode.swift; path = SplashViewController.swift; sourceTree = "<group>"; };
/* End PBXFileReference section */

/* Begin PBXFileSystemSynchronizedRootGroup section */
		45A927FC2DCFEDD400779D6E /* main_screen */ = {isa = PBXFileSystemSynchronizedRootGroup; explicitFileTypes = {}; explicitFolders = (); path = main_screen; sourceTree = "<group>"; };
/* End PBXFileSystemSynchronizedRootGroup section */

/* Begin PBXFrameworksBuildPhase section */
		E10E4E382DCF7A7800748C43 /* Frameworks */ = {
			isa = PBXFrameworksBuildPhase;
			buildActionMask = 2147483647;
			files = (
				E1C8D06D2DCFBFAB0015391A /* Lottie in Frameworks */,
			);
			runOnlyForDeploymentPostprocessing = 0;
		};
		E10E4E512DCF7A7A00748C43 /* Frameworks */ = {
			isa = PBXFrameworksBuildPhase;
			buildActionMask = 2147483647;
			files = (
			);
			runOnlyForDeploymentPostprocessing = 0;
		};
		E10E4E5B2DCF7A7A00748C43 /* Frameworks */ = {
			isa = PBXFrameworksBuildPhase;
			buildActionMask = 2147483647;
			files = (
			);
			runOnlyForDeploymentPostprocessing = 0;
		};
/* End PBXFrameworksBuildPhase section */

/* Begin PBXGroup section */
		E10E4E322DCF7A7800748C43 = {
			isa = PBXGroup;
			children = (
				E10E4E3D2DCF7A7800748C43 /* SportsApp */,
				E10E4E572DCF7A7A00748C43 /* SportsAppTests */,
				E10E4E612DCF7A7A00748C43 /* SportsAppUITests */,
				E10E4E3C2DCF7A7800748C43 /* Products */,
			);
			sourceTree = "<group>";
		};
		E10E4E3C2DCF7A7800748C43 /* Products */ = {
			isa = PBXGroup;
			children = (
				E10E4E3B2DCF7A7800748C43 /* SportsApp.app */,
				E10E4E542DCF7A7A00748C43 /* SportsAppTests.xctest */,
				E10E4E5E2DCF7A7A00748C43 /* SportsAppUITests.xctest */,
			);
			name = Products;
			sourceTree = "<group>";
		};
		E10E4E3D2DCF7A7800748C43 /* SportsApp */ = {
			isa = PBXGroup;
			children = (
				45A927FC2DCFEDD400779D6E /* main_screen */,
				E1C8D06E2DCFBFC70015391A /* lottie.json */,
				E10E4E3E2DCF7A7800748C43 /* AppDelegate.swift */,
				E10E4E402DCF7A7800748C43 /* SceneDelegate.swift */,
				E10E4E422DCF7A7800748C43 /* ViewController.swift */,
				E10E4E4A2DCF7A7A00748C43 /* Assets.xcassets */,
				E10E4E4C2DCF7A7A00748C43 /* LaunchScreen.storyboard */,
				E10E4E4F2DCF7A7A00748C43 /* Info.plist */,
				E10E4E472DCF7A7800748C43 /* SportsApp.xcdatamodeld */,
				E1C8D0702DCFC0170015391A /* SplashViewController.swift */,
			);
			path = SportsApp;
			sourceTree = "<group>";
		};
		E10E4E572DCF7A7A00748C43 /* SportsAppTests */ = {
			isa = PBXGroup;
			children = (
				E10E4E582DCF7A7A00748C43 /* SportsAppTests.swift */,
			);
			path = SportsAppTests;
			sourceTree = "<group>";
		};
		E10E4E612DCF7A7A00748C43 /* SportsAppUITests */ = {
			isa = PBXGroup;
			children = (
				E10E4E622DCF7A7A00748C43 /* SportsAppUITests.swift */,
				E10E4E642DCF7A7A00748C43 /* SportsAppUITestsLaunchTests.swift */,
			);
			path = SportsAppUITests;
			sourceTree = "<group>";
		};
/* End PBXGroup section */

/* Begin PBXNativeTarget section */
		E10E4E3A2DCF7A7800748C43 /* SportsApp */ = {
			isa = PBXNativeTarget;
			buildConfigurationList = E10E4E682DCF7A7A00748C43 /* Build configuration list for PBXNativeTarget "SportsApp" */;
			buildPhases = (
				E10E4E372DCF7A7800748C43 /* Sources */,
				E10E4E382DCF7A7800748C43 /* Frameworks */,
				E10E4E392DCF7A7800748C43 /* Resources */,
			);
			buildRules = (
			);
			dependencies = (
			);
			fileSystemSynchronizedGroups = (
				45A927FC2DCFEDD400779D6E /* main_screen */,
			);
			name = SportsApp;
			packageProductDependencies = (
				E1C8D06C2DCFBFAB0015391A /* Lottie */,
			);
			productName = SportsApp;
			productReference = E10E4E3B2DCF7A7800748C43 /* SportsApp.app */;
			productType = "com.apple.product-type.application";
		};
		E10E4E532DCF7A7A00748C43 /* SportsAppTests */ = {
			isa = PBXNativeTarget;
			buildConfigurationList = E10E4E6B2DCF7A7A00748C43 /* Build configuration list for PBXNativeTarget "SportsAppTests" */;
			buildPhases = (
				E10E4E502DCF7A7A00748C43 /* Sources */,
				E10E4E512DCF7A7A00748C43 /* Frameworks */,
				E10E4E522DCF7A7A00748C43 /* Resources */,
			);
			buildRules = (
			);
			dependencies = (
				E10E4E562DCF7A7A00748C43 /* PBXTargetDependency */,
			);
			name = SportsAppTests;
			productName = SportsAppTests;
			productReference = E10E4E542DCF7A7A00748C43 /* SportsAppTests.xctest */;
			productType = "com.apple.product-type.bundle.unit-test";
		};
		E10E4E5D2DCF7A7A00748C43 /* SportsAppUITests */ = {
			isa = PBXNativeTarget;
			buildConfigurationList = E10E4E6E2DCF7A7A00748C43 /* Build configuration list for PBXNativeTarget "SportsAppUITests" */;
			buildPhases = (
				E10E4E5A2DCF7A7A00748C43 /* Sources */,
				E10E4E5B2DCF7A7A00748C43 /* Frameworks */,
				E10E4E5C2DCF7A7A00748C43 /* Resources */,
			);
			buildRules = (
			);
			dependencies = (
				E10E4E602DCF7A7A00748C43 /* PBXTargetDependency */,
			);
			name = SportsAppUITests;
			productName = SportsAppUITests;
			productReference = E10E4E5E2DCF7A7A00748C43 /* SportsAppUITests.xctest */;
			productType = "com.apple.product-type.bundle.ui-testing";
		};
/* End PBXNativeTarget section */

/* Begin PBXProject section */
		E10E4E332DCF7A7800748C43 /* Project object */ = {
			isa = PBXProject;
			attributes = {
				BuildIndependentTargetsInParallel = 1;
				LastSwiftUpdateCheck = 1420;
				LastUpgradeCheck = 1420;
				TargetAttributes = {
					E10E4E3A2DCF7A7800748C43 = {
						CreatedOnToolsVersion = 14.2;
					};
					E10E4E532DCF7A7A00748C43 = {
						CreatedOnToolsVersion = 14.2;
						TestTargetID = E10E4E3A2DCF7A7800748C43;
					};
					E10E4E5D2DCF7A7A00748C43 = {
						CreatedOnToolsVersion = 14.2;
						TestTargetID = E10E4E3A2DCF7A7800748C43;
					};
				};
			};
			buildConfigurationList = E10E4E362DCF7A7800748C43 /* Build configuration list for PBXProject "SportsApp" */;
			compatibilityVersion = "Xcode 14.0";
			developmentRegion = en;
			hasScannedForEncodings = 0;
			knownRegions = (
				en,
				Base,
			);
			mainGroup = E10E4E322DCF7A7800748C43;
			packageReferences = (
				E1C8D06B2DCFBFAB0015391A /* XCRemoteSwiftPackageReference "lottie-ios" */,
			);
			productRefGroup = E10E4E3C2DCF7A7800748C43 /* Products */;
			projectDirPath = "";
			projectRoot = "";
			targets = (
				E10E4E3A2DCF7A7800748C43 /* SportsApp */,
				E10E4E532DCF7A7A00748C43 /* SportsAppTests */,
				E10E4E5D2DCF7A7A00748C43 /* SportsAppUITests */,
			);
		};
/* End PBXProject section */

/* Begin PBXResourcesBuildPhase section */
		E10E4E392DCF7A7800748C43 /* Resources */ = {
			isa = PBXResourcesBuildPhase;
			buildActionMask = 2147483647;
			files = (
				E1C8D06F2DCFBFC80015391A /* lottie.json in Resources */,
				E10E4E4E2DCF7A7A00748C43 /* LaunchScreen.storyboard in Resources */,
				E10E4E4B2DCF7A7A00748C43 /* Assets.xcassets in Resources */,
			);
			runOnlyForDeploymentPostprocessing = 0;
		};
		E10E4E522DCF7A7A00748C43 /* Resources */ = {
			isa = PBXResourcesBuildPhase;
			buildActionMask = 2147483647;
			files = (
			);
			runOnlyForDeploymentPostprocessing = 0;
		};
		E10E4E5C2DCF7A7A00748C43 /* Resources */ = {
			isa = PBXResourcesBuildPhase;
			buildActionMask = 2147483647;
			files = (
			);
			runOnlyForDeploymentPostprocessing = 0;
		};
/* End PBXResourcesBuildPhase section */

/* Begin PBXSourcesBuildPhase section */
		E10E4E372DCF7A7800748C43 /* Sources */ = {
			isa = PBXSourcesBuildPhase;
			buildActionMask = 2147483647;
			files = (
				E10E4E432DCF7A7800748C43 /* ViewController.swift in Sources */,
				E10E4E3F2DCF7A7800748C43 /* AppDelegate.swift in Sources */,
				E10E4E492DCF7A7800748C43 /* SportsApp.xcdatamodeld in Sources */,
				E10E4E412DCF7A7800748C43 /* SceneDelegate.swift in Sources */,
				E1C8D0712DCFC0170015391A /* SplashViewController.swift in Sources */,
			);
			runOnlyForDeploymentPostprocessing = 0;
		};
		E10E4E502DCF7A7A00748C43 /* Sources */ = {
			isa = PBXSourcesBuildPhase;
			buildActionMask = 2147483647;
			files = (
				E10E4E592DCF7A7A00748C43 /* SportsAppTests.swift in Sources */,
			);
			runOnlyForDeploymentPostprocessing = 0;
		};
		E10E4E5A2DCF7A7A00748C43 /* Sources */ = {
			isa = PBXSourcesBuildPhase;
			buildActionMask = 2147483647;
			files = (
				E10E4E632DCF7A7A00748C43 /* SportsAppUITests.swift in Sources */,
				E10E4E652DCF7A7A00748C43 /* SportsAppUITestsLaunchTests.swift in Sources */,
			);
			runOnlyForDeploymentPostprocessing = 0;
		};
/* End PBXSourcesBuildPhase section */

/* Begin PBXTargetDependency section */
		E10E4E562DCF7A7A00748C43 /* PBXTargetDependency */ = {
			isa = PBXTargetDependency;
			target = E10E4E3A2DCF7A7800748C43 /* SportsApp */;
			targetProxy = E10E4E552DCF7A7A00748C43 /* PBXContainerItemProxy */;
		};
		E10E4E602DCF7A7A00748C43 /* PBXTargetDependency */ = {
			isa = PBXTargetDependency;
			target = E10E4E3A2DCF7A7800748C43 /* SportsApp */;
			targetProxy = E10E4E5F2DCF7A7A00748C43 /* PBXContainerItemProxy */;
		};
/* End PBXTargetDependency section */

/* Begin PBXVariantGroup section */
		E10E4E4C2DCF7A7A00748C43 /* LaunchScreen.storyboard */ = {
			isa = PBXVariantGroup;
			children = (
				E10E4E4D2DCF7A7A00748C43 /* Base */,
			);
			name = LaunchScreen.storyboard;
			sourceTree = "<group>";
		};
/* End PBXVariantGroup section */

/* Begin XCBuildConfiguration section */
		E10E4E662DCF7A7A00748C43 /* Debug */ = {
			isa = XCBuildConfiguration;
			buildSettings = {
				ALWAYS_SEARCH_USER_PATHS = NO;
				CLANG_ANALYZER_NONNULL = YES;
				CLANG_ANALYZER_NUMBER_OBJECT_CONVERSION = YES_AGGRESSIVE;
				CLANG_CXX_LANGUAGE_STANDARD = "gnu++20";
				CLANG_ENABLE_MODULES = YES;
				CLANG_ENABLE_OBJC_ARC = YES;
				CLANG_ENABLE_OBJC_WEAK = YES;
				CLANG_WARN_BLOCK_CAPTURE_AUTORELEASING = YES;
				CLANG_WARN_BOOL_CONVERSION = YES;
				CLANG_WARN_COMMA = YES;
				CLANG_WARN_CONSTANT_CONVERSION = YES;
				CLANG_WARN_DEPRECATED_OBJC_IMPLEMENTATIONS = YES;
				CLANG_WARN_DIRECT_OBJC_ISA_USAGE = YES_ERROR;
				CLANG_WARN_DOCUMENTATION_COMMENTS = YES;
				CLANG_WARN_EMPTY_BODY = YES;
				CLANG_WARN_ENUM_CONVERSION = YES;
				CLANG_WARN_INFINITE_RECURSION = YES;
				CLANG_WARN_INT_CONVERSION = YES;
				CLANG_WARN_NON_LITERAL_NULL_CONVERSION = YES;
				CLANG_WARN_OBJC_IMPLICIT_RETAIN_SELF = YES;
				CLANG_WARN_OBJC_LITERAL_CONVERSION = YES;
				CLANG_WARN_OBJC_ROOT_CLASS = YES_ERROR;
				CLANG_WARN_QUOTED_INCLUDE_IN_FRAMEWORK_HEADER = YES;
				CLANG_WARN_RANGE_LOOP_ANALYSIS = YES;
				CLANG_WARN_STRICT_PROTOTYPES = YES;
				CLANG_WARN_SUSPICIOUS_MOVE = YES;
				CLANG_WARN_UNGUARDED_AVAILABILITY = YES_AGGRESSIVE;
				CLANG_WARN_UNREACHABLE_CODE = YES;
				CLANG_WARN__DUPLICATE_METHOD_MATCH = YES;
				COPY_PHASE_STRIP = NO;
				DEBUG_INFORMATION_FORMAT = dwarf;
				ENABLE_STRICT_OBJC_MSGSEND = YES;
				ENABLE_TESTABILITY = YES;
				GCC_C_LANGUAGE_STANDARD = gnu11;
				GCC_DYNAMIC_NO_PIC = NO;
				GCC_NO_COMMON_BLOCKS = YES;
				GCC_OPTIMIZATION_LEVEL = 0;
				GCC_PREPROCESSOR_DEFINITIONS = (
					"DEBUG=1",
					"$(inherited)",
				);
				GCC_WARN_64_TO_32_BIT_CONVERSION = YES;
				GCC_WARN_ABOUT_RETURN_TYPE = YES_ERROR;
				GCC_WARN_UNDECLARED_SELECTOR = YES;
				GCC_WARN_UNINITIALIZED_AUTOS = YES_AGGRESSIVE;
				GCC_WARN_UNUSED_FUNCTION = YES;
				GCC_WARN_UNUSED_VARIABLE = YES;
				IPHONEOS_DEPLOYMENT_TARGET = 16.2;
				MTL_ENABLE_DEBUG_INFO = INCLUDE_SOURCE;
				MTL_FAST_MATH = YES;
				ONLY_ACTIVE_ARCH = YES;
				SDKROOT = iphoneos;
				SWIFT_ACTIVE_COMPILATION_CONDITIONS = DEBUG;
				SWIFT_OPTIMIZATION_LEVEL = "-Onone";
			};
			name = Debug;
		};
		E10E4E672DCF7A7A00748C43 /* Release */ = {
			isa = XCBuildConfiguration;
			buildSettings = {
				ALWAYS_SEARCH_USER_PATHS = NO;
				CLANG_ANALYZER_NONNULL = YES;
				CLANG_ANALYZER_NUMBER_OBJECT_CONVERSION = YES_AGGRESSIVE;
				CLANG_CXX_LANGUAGE_STANDARD = "gnu++20";
				CLANG_ENABLE_MODULES = YES;
				CLANG_ENABLE_OBJC_ARC = YES;
				CLANG_ENABLE_OBJC_WEAK = YES;
				CLANG_WARN_BLOCK_CAPTURE_AUTORELEASING = YES;
				CLANG_WARN_BOOL_CONVERSION = YES;
				CLANG_WARN_COMMA = YES;
				CLANG_WARN_CONSTANT_CONVERSION = YES;
				CLANG_WARN_DEPRECATED_OBJC_IMPLEMENTATIONS = YES;
				CLANG_WARN_DIRECT_OBJC_ISA_USAGE = YES_ERROR;
				CLANG_WARN_DOCUMENTATION_COMMENTS = YES;
				CLANG_WARN_EMPTY_BODY = YES;
				CLANG_WARN_ENUM_CONVERSION = YES;
				CLANG_WARN_INFINITE_RECURSION = YES;
				CLANG_WARN_INT_CONVERSION = YES;
				CLANG_WARN_NON_LITERAL_NULL_CONVERSION = YES;
				CLANG_WARN_OBJC_IMPLICIT_RETAIN_SELF = YES;
				CLANG_WARN_OBJC_LITERAL_CONVERSION = YES;
				CLANG_WARN_OBJC_ROOT_CLASS = YES_ERROR;
				CLANG_WARN_QUOTED_INCLUDE_IN_FRAMEWORK_HEADER = YES;
				CLANG_WARN_RANGE_LOOP_ANALYSIS = YES;
				CLANG_WARN_STRICT_PROTOTYPES = YES;
				CLANG_WARN_SUSPICIOUS_MOVE = YES;
				CLANG_WARN_UNGUARDED_AVAILABILITY = YES_AGGRESSIVE;
				CLANG_WARN_UNREACHABLE_CODE = YES;
				CLANG_WARN__DUPLICATE_METHOD_MATCH = YES;
				COPY_PHASE_STRIP = NO;
				DEBUG_INFORMATION_FORMAT = "dwarf-with-dsym";
				ENABLE_NS_ASSERTIONS = NO;
				ENABLE_STRICT_OBJC_MSGSEND = YES;
				GCC_C_LANGUAGE_STANDARD = gnu11;
				GCC_NO_COMMON_BLOCKS = YES;
				GCC_WARN_64_TO_32_BIT_CONVERSION = YES;
				GCC_WARN_ABOUT_RETURN_TYPE = YES_ERROR;
				GCC_WARN_UNDECLARED_SELECTOR = YES;
				GCC_WARN_UNINITIALIZED_AUTOS = YES_AGGRESSIVE;
				GCC_WARN_UNUSED_FUNCTION = YES;
				GCC_WARN_UNUSED_VARIABLE = YES;
				IPHONEOS_DEPLOYMENT_TARGET = 16.2;
				MTL_ENABLE_DEBUG_INFO = NO;
				MTL_FAST_MATH = YES;
				SDKROOT = iphoneos;
				SWIFT_COMPILATION_MODE = wholemodule;
				SWIFT_OPTIMIZATION_LEVEL = "-O";
				VALIDATE_PRODUCT = YES;
			};
			name = Release;
		};
		E10E4E692DCF7A7A00748C43 /* Debug */ = {
			isa = XCBuildConfiguration;
			buildSettings = {
				ASSETCATALOG_COMPILER_APPICON_NAME = AppIcon;
				ASSETCATALOG_COMPILER_GLOBAL_ACCENT_COLOR_NAME = AccentColor;
				CODE_SIGN_STYLE = Automatic;
				CURRENT_PROJECT_VERSION = 1;
				GENERATE_INFOPLIST_FILE = YES;
				INFOPLIST_FILE = SportsApp/Info.plist;
				INFOPLIST_KEY_UIApplicationSupportsIndirectInputEvents = YES;
				INFOPLIST_KEY_UILaunchStoryboardName = LaunchScreen;
				INFOPLIST_KEY_UIMainStoryboardFile = Main;
				INFOPLIST_KEY_UISupportedInterfaceOrientations_iPad = "UIInterfaceOrientationPortrait UIInterfaceOrientationPortraitUpsideDown UIInterfaceOrientationLandscapeLeft UIInterfaceOrientationLandscapeRight";
				INFOPLIST_KEY_UISupportedInterfaceOrientations_iPhone = "UIInterfaceOrientationPortrait UIInterfaceOrientationLandscapeLeft UIInterfaceOrientationLandscapeRight";
				LD_RUNPATH_SEARCH_PATHS = (
					"$(inherited)",
					"@executable_path/Frameworks",
				);
				MARKETING_VERSION = 1.0;
				PRODUCT_BUNDLE_IDENTIFIER = com.SportsApp;
				PRODUCT_NAME = "$(TARGET_NAME)";
				SWIFT_EMIT_LOC_STRINGS = YES;
				SWIFT_VERSION = 5.0;
				TARGETED_DEVICE_FAMILY = "1,2";
			};
			name = Debug;
		};
		E10E4E6A2DCF7A7A00748C43 /* Release */ = {
			isa = XCBuildConfiguration;
			buildSettings = {
				ASSETCATALOG_COMPILER_APPICON_NAME = AppIcon;
				ASSETCATALOG_COMPILER_GLOBAL_ACCENT_COLOR_NAME = AccentColor;
				CODE_SIGN_STYLE = Automatic;
				CURRENT_PROJECT_VERSION = 1;
				GENERATE_INFOPLIST_FILE = YES;
				INFOPLIST_FILE = SportsApp/Info.plist;
				INFOPLIST_KEY_UIApplicationSupportsIndirectInputEvents = YES;
				INFOPLIST_KEY_UILaunchStoryboardName = LaunchScreen;
				INFOPLIST_KEY_UIMainStoryboardFile = Main;
				INFOPLIST_KEY_UISupportedInterfaceOrientations_iPad = "UIInterfaceOrientationPortrait UIInterfaceOrientationPortraitUpsideDown UIInterfaceOrientationLandscapeLeft UIInterfaceOrientationLandscapeRight";
				INFOPLIST_KEY_UISupportedInterfaceOrientations_iPhone = "UIInterfaceOrientationPortrait UIInterfaceOrientationLandscapeLeft UIInterfaceOrientationLandscapeRight";
				LD_RUNPATH_SEARCH_PATHS = (
					"$(inherited)",
					"@executable_path/Frameworks",
				);
				MARKETING_VERSION = 1.0;
				PRODUCT_BUNDLE_IDENTIFIER = com.SportsApp;
				PRODUCT_NAME = "$(TARGET_NAME)";
				SWIFT_EMIT_LOC_STRINGS = YES;
				SWIFT_VERSION = 5.0;
				TARGETED_DEVICE_FAMILY = "1,2";
			};
			name = Release;
		};
		E10E4E6C2DCF7A7A00748C43 /* Debug */ = {
			isa = XCBuildConfiguration;
			buildSettings = {
				ALWAYS_EMBED_SWIFT_STANDARD_LIBRARIES = YES;
				BUNDLE_LOADER = "$(TEST_HOST)";
				CODE_SIGN_STYLE = Automatic;
				CURRENT_PROJECT_VERSION = 1;
				GENERATE_INFOPLIST_FILE = YES;
				IPHONEOS_DEPLOYMENT_TARGET = 16.2;
				MARKETING_VERSION = 1.0;
				PRODUCT_BUNDLE_IDENTIFIER = com.SportsAppTests;
				PRODUCT_NAME = "$(TARGET_NAME)";
				SWIFT_EMIT_LOC_STRINGS = NO;
				SWIFT_VERSION = 5.0;
				TARGETED_DEVICE_FAMILY = "1,2";
				TEST_HOST = "$(BUILT_PRODUCTS_DIR)/SportsApp.app/$(BUNDLE_EXECUTABLE_FOLDER_PATH)/SportsApp";
			};
			name = Debug;
		};
		E10E4E6D2DCF7A7A00748C43 /* Release */ = {
			isa = XCBuildConfiguration;
			buildSettings = {
				ALWAYS_EMBED_SWIFT_STANDARD_LIBRARIES = YES;
				BUNDLE_LOADER = "$(TEST_HOST)";
				CODE_SIGN_STYLE = Automatic;
				CURRENT_PROJECT_VERSION = 1;
				GENERATE_INFOPLIST_FILE = YES;
				IPHONEOS_DEPLOYMENT_TARGET = 16.2;
				MARKETING_VERSION = 1.0;
				PRODUCT_BUNDLE_IDENTIFIER = com.SportsAppTests;
				PRODUCT_NAME = "$(TARGET_NAME)";
				SWIFT_EMIT_LOC_STRINGS = NO;
				SWIFT_VERSION = 5.0;
				TARGETED_DEVICE_FAMILY = "1,2";
				TEST_HOST = "$(BUILT_PRODUCTS_DIR)/SportsApp.app/$(BUNDLE_EXECUTABLE_FOLDER_PATH)/SportsApp";
			};
			name = Release;
		};
		E10E4E6F2DCF7A7A00748C43 /* Debug */ = {
			isa = XCBuildConfiguration;
			buildSettings = {
				ALWAYS_EMBED_SWIFT_STANDARD_LIBRARIES = YES;
				CODE_SIGN_STYLE = Automatic;
				CURRENT_PROJECT_VERSION = 1;
				GENERATE_INFOPLIST_FILE = YES;
				MARKETING_VERSION = 1.0;
				PRODUCT_BUNDLE_IDENTIFIER = com.SportsAppUITests;
				PRODUCT_NAME = "$(TARGET_NAME)";
				SWIFT_EMIT_LOC_STRINGS = NO;
				SWIFT_VERSION = 5.0;
				TARGETED_DEVICE_FAMILY = "1,2";
				TEST_TARGET_NAME = SportsApp;
			};
			name = Debug;
		};
		E10E4E702DCF7A7A00748C43 /* Release */ = {
			isa = XCBuildConfiguration;
			buildSettings = {
				ALWAYS_EMBED_SWIFT_STANDARD_LIBRARIES = YES;
				CODE_SIGN_STYLE = Automatic;
				CURRENT_PROJECT_VERSION = 1;
				GENERATE_INFOPLIST_FILE = YES;
				MARKETING_VERSION = 1.0;
				PRODUCT_BUNDLE_IDENTIFIER = com.SportsAppUITests;
				PRODUCT_NAME = "$(TARGET_NAME)";
				SWIFT_EMIT_LOC_STRINGS = NO;
				SWIFT_VERSION = 5.0;
				TARGETED_DEVICE_FAMILY = "1,2";
				TEST_TARGET_NAME = SportsApp;
			};
			name = Release;
		};
/* End XCBuildConfiguration section */

/* Begin XCConfigurationList section */
		E10E4E362DCF7A7800748C43 /* Build configuration list for PBXProject "SportsApp" */ = {
			isa = XCConfigurationList;
			buildConfigurations = (
				E10E4E662DCF7A7A00748C43 /* Debug */,
				E10E4E672DCF7A7A00748C43 /* Release */,
			);
			defaultConfigurationIsVisible = 0;
			defaultConfigurationName = Release;
		};
		E10E4E682DCF7A7A00748C43 /* Build configuration list for PBXNativeTarget "SportsApp" */ = {
			isa = XCConfigurationList;
			buildConfigurations = (
				E10E4E692DCF7A7A00748C43 /* Debug */,
				E10E4E6A2DCF7A7A00748C43 /* Release */,
			);
			defaultConfigurationIsVisible = 0;
			defaultConfigurationName = Release;
		};
		E10E4E6B2DCF7A7A00748C43 /* Build configuration list for PBXNativeTarget "SportsAppTests" */ = {
			isa = XCConfigurationList;
			buildConfigurations = (
				E10E4E6C2DCF7A7A00748C43 /* Debug */,
				E10E4E6D2DCF7A7A00748C43 /* Release */,
			);
			defaultConfigurationIsVisible = 0;
			defaultConfigurationName = Release;
		};
		E10E4E6E2DCF7A7A00748C43 /* Build configuration list for PBXNativeTarget "SportsAppUITests" */ = {
			isa = XCConfigurationList;
			buildConfigurations = (
				E10E4E6F2DCF7A7A00748C43 /* Debug */,
				E10E4E702DCF7A7A00748C43 /* Release */,
			);
			defaultConfigurationIsVisible = 0;
			defaultConfigurationName = Release;
		};
/* End XCConfigurationList section */

/* Begin XCRemoteSwiftPackageReference section */
		E1C8D06B2DCFBFAB0015391A /* XCRemoteSwiftPackageReference "lottie-ios" */ = {
			isa = XCRemoteSwiftPackageReference;
			repositoryURL = "https://github.com/airbnb/lottie-ios.git";
			requirement = {
				kind = upToNextMajorVersion;
				minimumVersion = 4.2.0;
			};
		};
/* End XCRemoteSwiftPackageReference section */

/* Begin XCSwiftPackageProductDependency section */
		E1C8D06C2DCFBFAB0015391A /* Lottie */ = {
			isa = XCSwiftPackageProductDependency;
			package = E1C8D06B2DCFBFAB0015391A /* XCRemoteSwiftPackageReference "lottie-ios" */;
			productName = Lottie;
		};
/* End XCSwiftPackageProductDependency section */

/* Begin XCVersionGroup section */
		E10E4E472DCF7A7800748C43 /* SportsApp.xcdatamodeld */ = {
			isa = XCVersionGroup;
			children = (
				E10E4E482DCF7A7800748C43 /* SportsApp.xcdatamodel */,
			);
			currentVersion = E10E4E482DCF7A7800748C43 /* SportsApp.xcdatamodel */;
			path = SportsApp.xcdatamodeld;
			sourceTree = "<group>";
			versionGroupType = wrapper.xcdatamodel;
		};
/* End XCVersionGroup section */
	};
	rootObject = E10E4E332DCF7A7800748C43 /* Project object */;
}
